
Microsoft Visual Studio Solution File, Format Version 12.00
# Visual Studio Version 16
VisualStudioVersion = 16.0.29123.88
MinimumVisualStudioVersion = 10.0.40219.1
Project("{FAE04EC0-301F-11D3-BF4B-00C04F79EFBC}") = "ArtistReminder", "ArtistReminder\ArtistReminder.csproj", "{6A4557D6-5448-448F-B13A-744E09621340}"
EndProject
Global
	GlobalSection(SolutionConfigurationPlatforms) = preSolution
		Debug|Any CPU = Debug|Any CPU
		Release|Any CPU = Release|Any CPU
	EndGlobalSection
	GlobalSection(ProjectConfigurationPlatforms) = postSolution
		{6A4557D6-5448-448F-B13A-744E09621340}.Debug|Any CPU.ActiveCfg = Debug|Any CPU
		{6A4557D6-5448-448F-B13A-744E09621340}.Debug|Any CPU.Build.0 = Debug|Any CPU
		{6A4557D6-5448-448F-B13A-744E09621340}.Release|Any CPU.ActiveCfg = Release|Any CPU
		{6A4557D6-5448-448F-B13A-744E09621340}.Release|Any CPU.Build.0 = Release|Any CPU
	EndGlobalSection
	GlobalSection(SolutionProperties) = preSolution
		HideSolutionNode = FALSE
	EndGlobalSection
	GlobalSection(ExtensibilityGlobals) = postSolution
		SolutionGuid = {AB437666-DDDE-41A1-89E0-FAA1F2B95076}
	EndGlobalSection
EndGlobal
